hash: ac26893a795c120bf159ba7020b11f9cb46b6dd06e58e2ac7cb8cd249bd3c0b6
updated: 2016-11-17T02:09:47.114898119+01:00
imports:
- name: github.com/inconshreveable/mousetrap
  version: 76626ae9c91c4f2a10f34cad8ce83ea42c93bb75
- name: github.com/juju/errgo
  version: 08cceb5d0b5331634b9826762a8fd53b29b86ad8
- name: github.com/spf13/cobra
  version: 9495bc009a56819bdb0ddbc1a373e29c140bc674
- name: github.com/spf13/pflag
  version: 5ccb023bc27df288a957c5e994cd44fd19619465
- name: golang.org/x/net
  version: 4971afdc2f162e82d185353533d3cf16188a9f4e
  subpackages:
  - context
testImports: []
